
Microsoft Visual Studio Solution File, Format Version 12.00
# Visual Studio Version 16
VisualStudioVersion = 16.0.29519.181
MinimumVisualStudioVersion = 10.0.40219.1
Project("{9A19103F-16F7-4668-BE54-9A1E7A4F7556}") = "day20", "day20.csproj", "{653A1354-9898-4941-8776-10FC6BA169CF}"
EndProject
Global
	GlobalSection(SolutionConfigurationPlatforms) = preSolution
		Debug|Any CPU = Debug|Any CPU
		Release|Any CPU = Release|Any CPU
	EndGlobalSection
	GlobalSection(ProjectConfigurationPlatforms) = postSolution
		{653A1354-9898-4941-8776-10FC6BA169CF}.Debug|Any CPU.ActiveCfg = Debug|Any CPU
		{653A1354-9898-4941-8776-10FC6BA169CF}.Debug|Any CPU.Build.0 = Debug|Any CPU
		{653A1354-9898-4941-8776-10FC6BA169CF}.Release|Any CPU.ActiveCfg = Release|Any CPU
		{653A1354-9898-4941-8776-10FC6BA169CF}.Release|Any CPU.Build.0 = Release|Any CPU
	EndGlobalSection
	GlobalSection(SolutionProperties) = preSolution
		HideSolutionNode = FALSE
	EndGlobalSection
	GlobalSection(ExtensibilityGlobals) = postSolution
		SolutionGuid = {64F1FDDC-02D8-41FC-AB52-DABFAC5FCACC}
	EndGlobalSection
EndGlobal
